
Microsoft Visual Studio Solution File, Format Version 12.00
# Visual Studio 2012
Project("{FAE04EC0-301F-11D3-BF4B-00C04F79EFBC}") = "Scoreoid", "Scoreoid\Scoreoid.csproj", "{FA5E997E-EB1F-4481-B75A-B3C1683AC2C3}"
EndProject
Project("{FAE04EC0-301F-11D3-BF4B-00C04F79EFBC}") = "Scoreoid.UI", "Scoreoid.UI\Scoreoid.UI.csproj", "{92F8FB1E-B532-4C86-B2D3-AC0B0CA94540}"
EndProject
Project("{FAE04EC0-301F-11D3-BF4B-00C04F79EFBC}") = "Scoreoid.Sample", "Scoreoid.Sample\Scoreoid.Sample.csproj", "{AE91981B-8CCF-464A-85F7-7EEC7B38C398}"
EndProject
Global
	GlobalSection(SolutionConfigurationPlatforms) = preSolution
		Debug|Any CPU = Debug|Any CPU
		Debug|ARM = Debug|ARM
		Debug|x64 = Debug|x64
		Debug|x86 = Debug|x86
		Release|Any CPU = Release|Any CPU
		Release|ARM = Release|ARM
		Release|x64 = Release|x64
		Release|x86 = Release|x86
	EndGlobalSection
	GlobalSection(ProjectConfigurationPlatforms) = postSolution
		{FA5E997E-EB1F-4481-B75A-B3C1683AC2C3}.Debug|Any CPU.ActiveCfg = Debug|Any CPU
		{FA5E997E-EB1F-4481-B75A-B3C1683AC2C3}.Debug|Any CPU.Build.0 = Debug|Any CPU
		{FA5E997E-EB1F-4481-B75A-B3C1683AC2C3}.Debug|ARM.ActiveCfg = Debug|ARM
		{FA5E997E-EB1F-4481-B75A-B3C1683AC2C3}.Debug|ARM.Build.0 = Debug|ARM
		{FA5E997E-EB1F-4481-B75A-B3C1683AC2C3}.Debug|x64.ActiveCfg = Debug|x64
		{FA5E997E-EB1F-4481-B75A-B3C1683AC2C3}.Debug|x64.Build.0 = Debug|x64
		{FA5E997E-EB1F-4481-B75A-B3C1683AC2C3}.Debug|x86.ActiveCfg = Debug|x86
		{FA5E997E-EB1F-4481-B75A-B3C1683AC2C3}.Debug|x86.Build.0 = Debug|x86
		{FA5E997E-EB1F-4481-B75A-B3C1683AC2C3}.Release|Any CPU.ActiveCfg = Release|Any CPU
		{FA5E997E-EB1F-4481-B75A-B3C1683AC2C3}.Release|Any CPU.Build.0 = Release|Any CPU
		{FA5E997E-EB1F-4481-B75A-B3C1683AC2C3}.Release|ARM.ActiveCfg = Release|ARM
		{FA5E997E-EB1F-4481-B75A-B3C1683AC2C3}.Release|ARM.Build.0 = Release|ARM
		{FA5E997E-EB1F-4481-B75A-B3C1683AC2C3}.Release|x64.ActiveCfg = Release|x64
		{FA5E997E-EB1F-4481-B75A-B3C1683AC2C3}.Release|x64.Build.0 = Release|x64
		{FA5E997E-EB1F-4481-B75A-B3C1683AC2C3}.Release|x86.ActiveCfg = Release|x86
		{FA5E997E-EB1F-4481-B75A-B3C1683AC2C3}.Release|x86.Build.0 = Release|x86
		{92F8FB1E-B532-4C86-B2D3-AC0B0CA94540}.Debug|Any CPU.ActiveCfg = Debug|Any CPU
		{92F8FB1E-B532-4C86-B2D3-AC0B0CA94540}.Debug|Any CPU.Build.0 = Debug|Any CPU
		{92F8FB1E-B532-4C86-B2D3-AC0B0CA94540}.Debug|ARM.ActiveCfg = Debug|ARM
		{92F8FB1E-B532-4C86-B2D3-AC0B0CA94540}.Debug|ARM.Build.0 = Debug|ARM
		{92F8FB1E-B532-4C86-B2D3-AC0B0CA94540}.Debug|x64.ActiveCfg = Debug|x64
		{92F8FB1E-B532-4C86-B2D3-AC0B0CA94540}.Debug|x64.Build.0 = Debug|x64
		{92F8FB1E-B532-4C86-B2D3-AC0B0CA94540}.Debug|x86.ActiveCfg = Debug|x86
		{92F8FB1E-B532-4C86-B2D3-AC0B0CA94540}.Debug|x86.Build.0 = Debug|x86
		{92F8FB1E-B532-4C86-B2D3-AC0B0CA94540}.Release|Any CPU.ActiveCfg = Release|Any CPU
		{92F8FB1E-B532-4C86-B2D3-AC0B0CA94540}.Release|Any CPU.Build.0 = Release|Any CPU
		{92F8FB1E-B532-4C86-B2D3-AC0B0CA94540}.Release|ARM.ActiveCfg = Release|ARM
		{92F8FB1E-B532-4C86-B2D3-AC0B0CA94540}.Release|ARM.Build.0 = Release|ARM
		{92F8FB1E-B532-4C86-B2D3-AC0B0CA94540}.Release|x64.ActiveCfg = Release|x64
		{92F8FB1E-B532-4C86-B2D3-AC0B0CA94540}.Release|x64.Build.0 = Release|x64
		{92F8FB1E-B532-4C86-B2D3-AC0B0CA94540}.Release|x86.ActiveCfg = Release|x86
		{92F8FB1E-B532-4C86-B2D3-AC0B0CA94540}.Release|x86.Build.0 = Release|x86
		{AE91981B-8CCF-464A-85F7-7EEC7B38C398}.Debug|Any CPU.ActiveCfg = Debug|Any CPU
		{AE91981B-8CCF-464A-85F7-7EEC7B38C398}.Debug|Any CPU.Build.0 = Debug|Any CPU
		{AE91981B-8CCF-464A-85F7-7EEC7B38C398}.Debug|Any CPU.Deploy.0 = Debug|Any CPU
		{AE91981B-8CCF-464A-85F7-7EEC7B38C398}.Debug|ARM.ActiveCfg = Debug|ARM
		{AE91981B-8CCF-464A-85F7-7EEC7B38C398}.Debug|ARM.Build.0 = Debug|ARM
		{AE91981B-8CCF-464A-85F7-7EEC7B38C398}.Debug|ARM.Deploy.0 = Debug|ARM
		{AE91981B-8CCF-464A-85F7-7EEC7B38C398}.Debug|x64.ActiveCfg = Debug|x64
		{AE91981B-8CCF-464A-85F7-7EEC7B38C398}.Debug|x64.Build.0 = Debug|x64
		{AE91981B-8CCF-464A-85F7-7EEC7B38C398}.Debug|x64.Deploy.0 = Debug|x64
		{AE91981B-8CCF-464A-85F7-7EEC7B38C398}.Debug|x86.ActiveCfg = Debug|x86
		{AE91981B-8CCF-464A-85F7-7EEC7B38C398}.Debug|x86.Build.0 = Debug|x86
		{AE91981B-8CCF-464A-85F7-7EEC7B38C398}.Debug|x86.Deploy.0 = Debug|x86
		{AE91981B-8CCF-464A-85F7-7EEC7B38C398}.Release|Any CPU.ActiveCfg = Release|Any CPU
		{AE91981B-8CCF-464A-85F7-7EEC7B38C398}.Release|Any CPU.Build.0 = Release|Any CPU
		{AE91981B-8CCF-464A-85F7-7EEC7B38C398}.Release|Any CPU.Deploy.0 = Release|Any CPU
		{AE91981B-8CCF-464A-85F7-7EEC7B38C398}.Release|ARM.ActiveCfg = Release|ARM
		{AE91981B-8CCF-464A-85F7-7EEC7B38C398}.Release|ARM.Build.0 = Release|ARM
		{AE91981B-8CCF-464A-85F7-7EEC7B38C398}.Release|ARM.Deploy.0 = Release|ARM
		{AE91981B-8CCF-464A-85F7-7EEC7B38C398}.Release|x64.ActiveCfg = Release|x64
		{AE91981B-8CCF-464A-85F7-7EEC7B38C398}.Release|x64.Build.0 = Release|x64
		{AE91981B-8CCF-464A-85F7-7EEC7B38C398}.Release|x64.Deploy.0 = Release|x64
		{AE91981B-8CCF-464A-85F7-7EEC7B38C398}.Release|x86.ActiveCfg = Release|x86
		{AE91981B-8CCF-464A-85F7-7EEC7B38C398}.Release|x86.Build.0 = Release|x86
		{AE91981B-8CCF-464A-85F7-7EEC7B38C398}.Release|x86.Deploy.0 = Release|x86
	EndGlobalSection
	GlobalSection(SolutionProperties) = preSolution
		HideSolutionNode = FALSE
	EndGlobalSection
EndGlobal
